
Microsoft Visual Studio Solution File, Format Version 12.00
# Visual Studio Version 17
VisualStudioVersion = 17.11.35327.3
MinimumVisualStudioVersion = 10.0.40219.1
Project("{FAE04EC0-301F-11D3-BF4B-00C04F79EFBC}") = "bai tap b2", "bai tap b2\bai tap b2.csproj", "{3E66958D-EA10-4684-B88F-DCF32A7308A3}"
EndProject
Global
	GlobalSection(SolutionConfigurationPlatforms) = preSolution
		Debug|Any CPU = Debug|Any CPU
		Release|Any CPU = Release|Any CPU
	EndGlobalSection
	GlobalSection(ProjectConfigurationPlatforms) = postSolution
		{3E66958D-EA10-4684-B88F-DCF32A7308A3}.Debug|Any CPU.ActiveCfg = Debug|Any CPU
		{3E66958D-EA10-4684-B88F-DCF32A7308A3}.Debug|Any CPU.Build.0 = Debug|Any CPU
		{3E66958D-EA10-4684-B88F-DCF32A7308A3}.Release|Any CPU.ActiveCfg = Release|Any CPU
		{3E66958D-EA10-4684-B88F-DCF32A7308A3}.Release|Any CPU.Build.0 = Release|Any CPU
	EndGlobalSection
	GlobalSection(SolutionProperties) = preSolution
		HideSolutionNode = FALSE
	EndGlobalSection
	GlobalSection(ExtensibilityGlobals) = postSolution
		SolutionGuid = {03DC077A-050B-4179-B2DC-622B3D63DA6E}
	EndGlobalSection
EndGlobal
